
Microsoft Visual Studio Solution File, Format Version 12.00
# Visual Studio Version 17
VisualStudioVersion = 17.5.33209.295
MinimumVisualStudioVersion = 10.0.40219.1
Project("{FAE04EC0-301F-11D3-BF4B-00C04F79EFBC}") = "GitRepoInfoTestTask", "GitRepoInfoTestTask\GitRepoInfoTestTask.csproj", "{62C3D295-7A2B-4D6A-AA10-09D677ECE5DE}"
EndProject
Global
	GlobalSection(SolutionConfigurationPlatforms) = preSolution
		Debug|Any CPU = Debug|Any CPU
		Release|Any CPU = Release|Any CPU
	EndGlobalSection
	GlobalSection(ProjectConfigurationPlatforms) = postSolution
		{62C3D295-7A2B-4D6A-AA10-09D677ECE5DE}.Debug|Any CPU.ActiveCfg = Debug|Any CPU
		{62C3D295-7A2B-4D6A-AA10-09D677ECE5DE}.Debug|Any CPU.Build.0 = Debug|Any CPU
		{62C3D295-7A2B-4D6A-AA10-09D677ECE5DE}.Release|Any CPU.ActiveCfg = Release|Any CPU
		{62C3D295-7A2B-4D6A-AA10-09D677ECE5DE}.Release|Any CPU.Build.0 = Release|Any CPU
	EndGlobalSection
	GlobalSection(SolutionProperties) = preSolution
		HideSolutionNode = FALSE
	EndGlobalSection
	GlobalSection(ExtensibilityGlobals) = postSolution
		SolutionGuid = {CDE21C40-8201-472C-A300-5E0AEDE86C0E}
	EndGlobalSection
EndGlobal
